{
  "name": "prepare-redirects-cli",
  "version": "0.1.0",
  "lockfileVersion": 1,
  "requires": true,
  "dependencies": {
    "really-simple-args": {
      "version": "1.0.1",
      "resolved": "https://registry.npmjs.org/really-simple-args/-/really-simple-args-1.0.1.tgz",
      "integrity": "sha512-OlFgCOPnBJtiUBfAwgxUd/HAZPpsTv0GKIrCIXz7DtZygjmj/ypJMKGJTqb3Mw5dL2ifLbiVQh0Qqs88DGRgmQ=="
    }
  }
}
